
Microsoft Visual Studio Solution File, Format Version 12.00
# Visual Studio Version 16
VisualStudioVersion = 16.0.30717.126
MinimumVisualStudioVersion = 10.0.40219.1
Project("{8BC9CEB8-8B4A-11D0-8D11-00A0C91BC942}") = "PhantomFuck", "PhantomFuck\PhantomFuck.vcxproj", "{85BD3753-50DA-4A02-BC83-1865B46DA537}"
EndProject
Project("{8BC9CEB8-8B4A-11D0-8D11-00A0C91BC942}") = "BrainFuckToPhantomFuck", "BrainFuckToPhantomFuck\BrainFuckToPhantomFuck.vcxproj", "{70D6D650-32F6-49FD-A88B-76BE7DE16A76}"
EndProject
Global
	GlobalSection(SolutionConfigurationPlatforms) = preSolution
		Debug|x64 = Debug|x64
		Debug|x86 = Debug|x86
		Release|x64 = Release|x64
		Release|x86 = Release|x86
	EndGlobalSection
	GlobalSection(ProjectConfigurationPlatforms) = postSolution
		{85BD3753-50DA-4A02-BC83-1865B46DA537}.Debug|x64.ActiveCfg = Debug|x64
		{85BD3753-50DA-4A02-BC83-1865B46DA537}.Debug|x64.Build.0 = Debug|x64
		{85BD3753-50DA-4A02-BC83-1865B46DA537}.Debug|x86.ActiveCfg = Debug|Win32
		{85BD3753-50DA-4A02-BC83-1865B46DA537}.Debug|x86.Build.0 = Debug|Win32
		{85BD3753-50DA-4A02-BC83-1865B46DA537}.Release|x64.ActiveCfg = Release|x64
		{85BD3753-50DA-4A02-BC83-1865B46DA537}.Release|x64.Build.0 = Release|x64
		{85BD3753-50DA-4A02-BC83-1865B46DA537}.Release|x86.ActiveCfg = Release|Win32
		{85BD3753-50DA-4A02-BC83-1865B46DA537}.Release|x86.Build.0 = Release|Win32
		{70D6D650-32F6-49FD-A88B-76BE7DE16A76}.Debug|x64.ActiveCfg = Debug|x64
		{70D6D650-32F6-49FD-A88B-76BE7DE16A76}.Debug|x64.Build.0 = Debug|x64
		{70D6D650-32F6-49FD-A88B-76BE7DE16A76}.Debug|x86.ActiveCfg = Debug|Win32
		{70D6D650-32F6-49FD-A88B-76BE7DE16A76}.Debug|x86.Build.0 = Debug|Win32
		{70D6D650-32F6-49FD-A88B-76BE7DE16A76}.Release|x64.ActiveCfg = Release|x64
		{70D6D650-32F6-49FD-A88B-76BE7DE16A76}.Release|x64.Build.0 = Release|x64
		{70D6D650-32F6-49FD-A88B-76BE7DE16A76}.Release|x86.ActiveCfg = Release|Win32
		{70D6D650-32F6-49FD-A88B-76BE7DE16A76}.Release|x86.Build.0 = Release|Win32
	EndGlobalSection
	GlobalSection(SolutionProperties) = preSolution
		HideSolutionNode = FALSE
	EndGlobalSection
	GlobalSection(ExtensibilityGlobals) = postSolution
		SolutionGuid = {BDB3E91C-D6E9-4203-B79A-952E68DE40A0}
	EndGlobalSection
EndGlobal
